
Microsoft Visual Studio Solution File, Format Version 12.00
# Visual Studio Version 17
VisualStudioVersion = 17.8.34309.116
MinimumVisualStudioVersion = 10.0.40219.1
Project("{9A19103F-16F7-4668-BE54-9A1E7A4F7556}") = "GlobalMarketSignal", "GlobalMarketSignal\GlobalMarketSignal.csproj", "{7BD03757-831F-4DE7-A636-EB84BE71A636}"
EndProject
Global
	GlobalSection(SolutionConfigurationPlatforms) = preSolution
		Debug|Any CPU = Debug|Any CPU
		Release|Any CPU = Release|Any CPU
	EndGlobalSection
	GlobalSection(ProjectConfigurationPlatforms) = postSolution
		{7BD03757-831F-4DE7-A636-EB84BE71A636}.Debug|Any CPU.ActiveCfg = Debug|Any CPU
		{7BD03757-831F-4DE7-A636-EB84BE71A636}.Debug|Any CPU.Build.0 = Debug|Any CPU
		{7BD03757-831F-4DE7-A636-EB84BE71A636}.Release|Any CPU.ActiveCfg = Release|Any CPU
		{7BD03757-831F-4DE7-A636-EB84BE71A636}.Release|Any CPU.Build.0 = Release|Any CPU
	EndGlobalSection
	GlobalSection(SolutionProperties) = preSolution
		HideSolutionNode = FALSE
	EndGlobalSection
	GlobalSection(ExtensibilityGlobals) = postSolution
		SolutionGuid = {4A04964D-794A-4CED-9063-880AF7CC2CAC}
	EndGlobalSection
EndGlobal
